
Microsoft Visual Studio Solution File, Format Version 12.00
# Visual Studio Version 17
VisualStudioVersion = 17.14.37111.16
MinimumVisualStudioVersion = 10.0.40219.1
Project("{FAE04EC0-301F-11D3-BF4B-00C04F79EFBC}") = "TokTok", "TokTok\TokTok.csproj", "{4E70C2F0-0E72-49AF-B854-B8B22F23209A}"
EndProject
Project("{FAE04EC0-301F-11D3-BF4B-00C04F79EFBC}") = "WpfLib", "WpfLib\WpfLib.csproj", "{3E9B8B1A-EEBC-4E3F-8DB3-D2EB07898305}"
EndProject
Global
	GlobalSection(SolutionConfigurationPlatforms) = preSolution
		Debug|Any CPU = Debug|Any CPU
		Release|Any CPU = Release|Any CPU
	EndGlobalSection
	GlobalSection(ProjectConfigurationPlatforms) = postSolution
		{4E70C2F0-0E72-49AF-B854-B8B22F23209A}.Debug|Any CPU.ActiveCfg = Debug|Any CPU
		{4E70C2F0-0E72-49AF-B854-B8B22F23209A}.Debug|Any CPU.Build.0 = Debug|Any CPU
		{4E70C2F0-0E72-49AF-B854-B8B22F23209A}.Release|Any CPU.ActiveCfg = Release|Any CPU
		{4E70C2F0-0E72-49AF-B854-B8B22F23209A}.Release|Any CPU.Build.0 = Release|Any CPU
		{3E9B8B1A-EEBC-4E3F-8DB3-D2EB07898305}.Debug|Any CPU.ActiveCfg = Debug|Any CPU
		{3E9B8B1A-EEBC-4E3F-8DB3-D2EB07898305}.Debug|Any CPU.Build.0 = Debug|Any CPU
		{3E9B8B1A-EEBC-4E3F-8DB3-D2EB07898305}.Release|Any CPU.ActiveCfg = Release|Any CPU
		{3E9B8B1A-EEBC-4E3F-8DB3-D2EB07898305}.Release|Any CPU.Build.0 = Release|Any CPU
	EndGlobalSection
	GlobalSection(SolutionProperties) = preSolution
		HideSolutionNode = FALSE
	EndGlobalSection
	GlobalSection(ExtensibilityGlobals) = postSolution
		SolutionGuid = {E0CCD947-BEEF-43E7-83D6-9984FEA14F00}
	EndGlobalSection
EndGlobal
